version: 2
updates:
  # JavaScript/TypeScript deps (pnpm is supported via the npm ecosystem)
  - package-ecosystem: "npm"
    directory: "/"
    schedule:
      interval: "weekly"
    open-pull-requests-limit: 10
    groups:
      js-patch-minor:
        patterns:
          - "*"
        update-types:
          - "patch"
          - "minor"

  - package-ecosystem: "npm"
    directory: "/client"
    schedule:
      interval: "weekly"
    open-pull-requests-limit: 10
    groups:
      js-patch-minor:
        patterns: ["*"]
        update-types: ["patch", "minor"]

  - package-ecosystem: "npm"
    directory: "/server"
    schedule:
      interval: "weekly"
    open-pull-requests-limit: 10
    groups:
      js-patch-minor:
        patterns: ["*"]
        update-types: ["patch", "minor"]

  - package-ecosystem: "npm"
    directory: "/mobile"
    schedule:
      interval: "weekly"
    open-pull-requests-limit: 10
    groups:
      js-patch-minor:
        patterns: ["*"]
        update-types: ["patch", "minor"]

  - package-ecosystem: "npm"
    directory: "/shared"
    schedule:
      interval: "weekly"
    open-pull-requests-limit: 10
    groups:
      js-patch-minor:
        patterns: ["*"]
        update-types: ["patch", "minor"]

  - package-ecosystem: "npm"
    directory: "/infra/firebase/functions"
    schedule:
      interval: "weekly"
    open-pull-requests-limit: 10
    groups:
      js-patch-minor:
        patterns: ["*"]
        update-types: ["patch", "minor"]

  # GitHub Actions updates
  - package-ecosystem: "github-actions"
    directory: "/"
    schedule:
      interval: "weekly"
